github.com/gen2brain/go-unarr v0.2.4 h1:Iu2kqtGfkLBSQoTFwMkSCmp0g3GrEM/XMVWzo9TQr/Y=
github.com/gen2brain/go-unarr v0.2.4/go.mod h1:0kdy3HtjKBcEaewifXZguHCvt4qD9V8iJCx4FPEOWT8=
rsc.io/pdf v0.1.1 h1:k1MczvYDUvJBe93bYd7wrZLLUEcLZAuF824/I4e5Xr4=
rsc.io/pdf v0.1.1/go.mod h1:n8OzWcQ6Sp37PL01nO98y4iUCRdTGarVfzxY20ICaU4=
